
Microsoft Visual Studio Solution File, Format Version 12.00
# Visual Studio 15
VisualStudioVersion = 15.0.28307.902
MinimumVisualStudioVersion = 10.0.40219.1
Project("{FAE04EC0-301F-11D3-BF4B-00C04F79EFBC}") = "CameraTests", "CameraTests\CameraTests.csproj", "{B526CAC0-5BE3-4A15-92E7-C9A5D1345B2E}"
EndProject
Global
	GlobalSection(SolutionConfigurationPlatforms) = preSolution
		Debug|x86 = Debug|x86
		Release|x86 = Release|x86
	EndGlobalSection
	GlobalSection(ProjectConfigurationPlatforms) = postSolution
		{B526CAC0-5BE3-4A15-92E7-C9A5D1345B2E}.Debug|x86.ActiveCfg = Debug|x86
		{B526CAC0-5BE3-4A15-92E7-C9A5D1345B2E}.Debug|x86.Build.0 = Debug|x86
		{B526CAC0-5BE3-4A15-92E7-C9A5D1345B2E}.Release|x86.ActiveCfg = Release|x86
		{B526CAC0-5BE3-4A15-92E7-C9A5D1345B2E}.Release|x86.Build.0 = Release|x86
	EndGlobalSection
	GlobalSection(SolutionProperties) = preSolution
		HideSolutionNode = FALSE
	EndGlobalSection
	GlobalSection(ExtensibilityGlobals) = postSolution
		SolutionGuid = {00FFFAFB-D9D4-44EA-9C52-16C325CE3E11}
	EndGlobalSection
EndGlobal
